
Microsoft Visual Studio Solution File, Format Version 12.00
Project("{FAE04EC0-301F-11D3-BF4B-00C04F79EFBC}") = "Automatarr.WebApi", "Automatarr.WebApi\Automatarr.WebApi.csproj", "{8DEFC6AB-F4FD-4847-925F-8CE0ECBC65B6}"
EndProject
Project("{FAE04EC0-301F-11D3-BF4B-00C04F79EFBC}") = "Automatarr.SiteHost", "Automatarr.SiteHost\Automatarr.SiteHost.csproj", "{95A3CCA3-D1A8-45A0-A4DB-76649C38A35D}"
EndProject
Project("{FAE04EC0-301F-11D3-BF4B-00C04F79EFBC}") = "Automatarr.DataAccess", "Automatarr.DataAccess\Automatarr.DataAccess.csproj", "{47E0250A-243F-49A0-A0FD-E23F95EAFCF7}"
EndProject
Project("{FAE04EC0-301F-11D3-BF4B-00C04F79EFBC}") = "Automatarr.WorkerService", "Automatarr.WorkerService\Automatarr.WorkerService.csproj", "{C10969DD-DBCF-41F7-8ABA-CCDEC077AC49}"
EndProject
Project("{FAE04EC0-301F-11D3-BF4B-00C04F79EFBC}") = "Automatarr.PlexConnect", "Automatarr.PlexConnect\Automatarr.PlexConnect.csproj", "{E4701918-D98E-4C16-99B3-DF183784EAA8}"
EndProject
Project("{FAE04EC0-301F-11D3-BF4B-00C04F79EFBC}") = "Automatarr.RadarrConnect", "Automatarr.RadarrConnect\Automatarr.RadarrConnect.csproj", "{CC4856BF-7BF9-4F93-9846-80F9618777C3}"
EndProject
Project("{2150E333-8FDC-42A3-9474-1A3956D46DE8}") = "Tests", "Tests", "{6853DD07-07F2-4824-BE82-A8AFBE3C89E5}"
EndProject
Project("{2150E333-8FDC-42A3-9474-1A3956D46DE8}") = "Libraries", "Libraries", "{D6E41A95-DB49-40CA-8797-4B26ECAE0B70}"
EndProject
Project("{FAE04EC0-301F-11D3-BF4B-00C04F79EFBC}") = "Automatarr.DataAccess.Tests", "Automatarr.DataAccess.Tests\Automatarr.DataAccess.Tests.csproj", "{D8557E23-57B7-4908-9041-7886D663EF38}"
EndProject
Project("{FAE04EC0-301F-11D3-BF4B-00C04F79EFBC}") = "Automatarr.PlexConnect.Tests", "Automatarr.PlexConnect.Tests\Automatarr.PlexConnect.Tests.csproj", "{9361073B-4F4C-4BA9-ABDC-6B575D0830C4}"
EndProject
Project("{FAE04EC0-301F-11D3-BF4B-00C04F79EFBC}") = "Automatarr.RadarrConnect.Tests", "Automatarr.RadarrConnect.Tests\Automatarr.RadarrConnect.Tests.csproj", "{41593E8D-3704-4D69-9FCA-8D7E9438055E}"
EndProject
Project("{FAE04EC0-301F-11D3-BF4B-00C04F79EFBC}") = "Automatarr.SiteHost.Tests", "Automatarr.SiteHost.Tests\Automatarr.SiteHost.Tests.csproj", "{B542E1D7-B048-471F-93BD-F11770E43DCD}"
EndProject
Project("{FAE04EC0-301F-11D3-BF4B-00C04F79EFBC}") = "Automatarr.WebApi.Tests", "Automatarr.WebApi.Tests\Automatarr.WebApi.Tests.csproj", "{D2E661D1-1B6E-4758-A08D-1B8AA1913F75}"
EndProject
Project("{FAE04EC0-301F-11D3-BF4B-00C04F79EFBC}") = "Automatarr.WorkerService.Tests", "Automatarr.WorkerService.Tests\Automatarr.WorkerService.Tests.csproj", "{C47C584A-80D2-45A5-8F6A-AE63EE05613C}"
EndProject
Global
	GlobalSection(SolutionConfigurationPlatforms) = preSolution
		Debug|Any CPU = Debug|Any CPU
		Release|Any CPU = Release|Any CPU
	EndGlobalSection
	GlobalSection(ProjectConfigurationPlatforms) = postSolution
		{8DEFC6AB-F4FD-4847-925F-8CE0ECBC65B6}.Debug|Any CPU.ActiveCfg = Debug|Any CPU
		{8DEFC6AB-F4FD-4847-925F-8CE0ECBC65B6}.Debug|Any CPU.Build.0 = Debug|Any CPU
		{8DEFC6AB-F4FD-4847-925F-8CE0ECBC65B6}.Release|Any CPU.ActiveCfg = Release|Any CPU
		{8DEFC6AB-F4FD-4847-925F-8CE0ECBC65B6}.Release|Any CPU.Build.0 = Release|Any CPU
		{95A3CCA3-D1A8-45A0-A4DB-76649C38A35D}.Debug|Any CPU.ActiveCfg = Debug|Any CPU
		{95A3CCA3-D1A8-45A0-A4DB-76649C38A35D}.Debug|Any CPU.Build.0 = Debug|Any CPU
		{95A3CCA3-D1A8-45A0-A4DB-76649C38A35D}.Release|Any CPU.ActiveCfg = Release|Any CPU
		{95A3CCA3-D1A8-45A0-A4DB-76649C38A35D}.Release|Any CPU.Build.0 = Release|Any CPU
		{47E0250A-243F-49A0-A0FD-E23F95EAFCF7}.Debug|Any CPU.ActiveCfg = Debug|Any CPU
		{47E0250A-243F-49A0-A0FD-E23F95EAFCF7}.Debug|Any CPU.Build.0 = Debug|Any CPU
		{47E0250A-243F-49A0-A0FD-E23F95EAFCF7}.Release|Any CPU.ActiveCfg = Release|Any CPU
		{47E0250A-243F-49A0-A0FD-E23F95EAFCF7}.Release|Any CPU.Build.0 = Release|Any CPU
		{C10969DD-DBCF-41F7-8ABA-CCDEC077AC49}.Debug|Any CPU.ActiveCfg = Debug|Any CPU
		{C10969DD-DBCF-41F7-8ABA-CCDEC077AC49}.Debug|Any CPU.Build.0 = Debug|Any CPU
		{C10969DD-DBCF-41F7-8ABA-CCDEC077AC49}.Release|Any CPU.ActiveCfg = Release|Any CPU
		{C10969DD-DBCF-41F7-8ABA-CCDEC077AC49}.Release|Any CPU.Build.0 = Release|Any CPU
		{E4701918-D98E-4C16-99B3-DF183784EAA8}.Debug|Any CPU.ActiveCfg = Debug|Any CPU
		{E4701918-D98E-4C16-99B3-DF183784EAA8}.Debug|Any CPU.Build.0 = Debug|Any CPU
		{E4701918-D98E-4C16-99B3-DF183784EAA8}.Release|Any CPU.ActiveCfg = Release|Any CPU
		{E4701918-D98E-4C16-99B3-DF183784EAA8}.Release|Any CPU.Build.0 = Release|Any CPU
		{CC4856BF-7BF9-4F93-9846-80F9618777C3}.Debug|Any CPU.ActiveCfg = Debug|Any CPU
		{CC4856BF-7BF9-4F93-9846-80F9618777C3}.Debug|Any CPU.Build.0 = Debug|Any CPU
		{CC4856BF-7BF9-4F93-9846-80F9618777C3}.Release|Any CPU.ActiveCfg = Release|Any CPU
		{CC4856BF-7BF9-4F93-9846-80F9618777C3}.Release|Any CPU.Build.0 = Release|Any CPU
		{D8557E23-57B7-4908-9041-7886D663EF38}.Debug|Any CPU.ActiveCfg = Debug|Any CPU
		{D8557E23-57B7-4908-9041-7886D663EF38}.Debug|Any CPU.Build.0 = Debug|Any CPU
		{D8557E23-57B7-4908-9041-7886D663EF38}.Release|Any CPU.ActiveCfg = Release|Any CPU
		{D8557E23-57B7-4908-9041-7886D663EF38}.Release|Any CPU.Build.0 = Release|Any CPU
		{9361073B-4F4C-4BA9-ABDC-6B575D0830C4}.Debug|Any CPU.ActiveCfg = Debug|Any CPU
		{9361073B-4F4C-4BA9-ABDC-6B575D0830C4}.Debug|Any CPU.Build.0 = Debug|Any CPU
		{9361073B-4F4C-4BA9-ABDC-6B575D0830C4}.Release|Any CPU.ActiveCfg = Release|Any CPU
		{9361073B-4F4C-4BA9-ABDC-6B575D0830C4}.Release|Any CPU.Build.0 = Release|Any CPU
		{41593E8D-3704-4D69-9FCA-8D7E9438055E}.Debug|Any CPU.ActiveCfg = Debug|Any CPU
		{41593E8D-3704-4D69-9FCA-8D7E9438055E}.Debug|Any CPU.Build.0 = Debug|Any CPU
		{41593E8D-3704-4D69-9FCA-8D7E9438055E}.Release|Any CPU.ActiveCfg = Release|Any CPU
		{41593E8D-3704-4D69-9FCA-8D7E9438055E}.Release|Any CPU.Build.0 = Release|Any CPU
		{B542E1D7-B048-471F-93BD-F11770E43DCD}.Debug|Any CPU.ActiveCfg = Debug|Any CPU
		{B542E1D7-B048-471F-93BD-F11770E43DCD}.Debug|Any CPU.Build.0 = Debug|Any CPU
		{B542E1D7-B048-471F-93BD-F11770E43DCD}.Release|Any CPU.ActiveCfg = Release|Any CPU
		{B542E1D7-B048-471F-93BD-F11770E43DCD}.Release|Any CPU.Build.0 = Release|Any CPU
		{D2E661D1-1B6E-4758-A08D-1B8AA1913F75}.Debug|Any CPU.ActiveCfg = Debug|Any CPU
		{D2E661D1-1B6E-4758-A08D-1B8AA1913F75}.Debug|Any CPU.Build.0 = Debug|Any CPU
		{D2E661D1-1B6E-4758-A08D-1B8AA1913F75}.Release|Any CPU.ActiveCfg = Release|Any CPU
		{D2E661D1-1B6E-4758-A08D-1B8AA1913F75}.Release|Any CPU.Build.0 = Release|Any CPU
		{C47C584A-80D2-45A5-8F6A-AE63EE05613C}.Debug|Any CPU.ActiveCfg = Debug|Any CPU
		{C47C584A-80D2-45A5-8F6A-AE63EE05613C}.Debug|Any CPU.Build.0 = Debug|Any CPU
		{C47C584A-80D2-45A5-8F6A-AE63EE05613C}.Release|Any CPU.ActiveCfg = Release|Any CPU
		{C47C584A-80D2-45A5-8F6A-AE63EE05613C}.Release|Any CPU.Build.0 = Release|Any CPU
	EndGlobalSection
	GlobalSection(NestedProjects) = preSolution
		{47E0250A-243F-49A0-A0FD-E23F95EAFCF7} = {D6E41A95-DB49-40CA-8797-4B26ECAE0B70}
		{E4701918-D98E-4C16-99B3-DF183784EAA8} = {D6E41A95-DB49-40CA-8797-4B26ECAE0B70}
		{CC4856BF-7BF9-4F93-9846-80F9618777C3} = {D6E41A95-DB49-40CA-8797-4B26ECAE0B70}
		{D8557E23-57B7-4908-9041-7886D663EF38} = {6853DD07-07F2-4824-BE82-A8AFBE3C89E5}
		{9361073B-4F4C-4BA9-ABDC-6B575D0830C4} = {6853DD07-07F2-4824-BE82-A8AFBE3C89E5}
		{41593E8D-3704-4D69-9FCA-8D7E9438055E} = {6853DD07-07F2-4824-BE82-A8AFBE3C89E5}
		{B542E1D7-B048-471F-93BD-F11770E43DCD} = {6853DD07-07F2-4824-BE82-A8AFBE3C89E5}
		{D2E661D1-1B6E-4758-A08D-1B8AA1913F75} = {6853DD07-07F2-4824-BE82-A8AFBE3C89E5}
		{C47C584A-80D2-45A5-8F6A-AE63EE05613C} = {6853DD07-07F2-4824-BE82-A8AFBE3C89E5}
	EndGlobalSection
EndGlobal
